
Microsoft Visual Studio Solution File, Format Version 12.00
# Visual Studio Version 17
VisualStudioVersion = 17.8.34322.80
MinimumVisualStudioVersion = 10.0.40219.1
Project("{FAE04EC0-301F-11D3-BF4B-00C04F79EFBC}") = "FinLabAct3_FuentesAngeles", "FinLabAct3_FuentesAngeles\FinLabAct3_FuentesAngeles.csproj", "{01CE4C1D-A02E-450D-955E-450E5EE5F98C}"
EndProject
Project("{FAE04EC0-301F-11D3-BF4B-00C04F79EFBC}") = "LaboratoryDLL", "LaboratoryDLL\LaboratoryDLL.csproj", "{3800CD37-82AC-4474-9D8E-D7DCB9853E47}"
EndProject
Global
	GlobalSection(SolutionConfigurationPlatforms) = preSolution
		Debug|Any CPU = Debug|Any CPU
		Release|Any CPU = Release|Any CPU
	EndGlobalSection
	GlobalSection(ProjectConfigurationPlatforms) = postSolution
		{01CE4C1D-A02E-450D-955E-450E5EE5F98C}.Debug|Any CPU.ActiveCfg = Debug|Any CPU
		{01CE4C1D-A02E-450D-955E-450E5EE5F98C}.Debug|Any CPU.Build.0 = Debug|Any CPU
		{01CE4C1D-A02E-450D-955E-450E5EE5F98C}.Release|Any CPU.ActiveCfg = Release|Any CPU
		{01CE4C1D-A02E-450D-955E-450E5EE5F98C}.Release|Any CPU.Build.0 = Release|Any CPU
		{3800CD37-82AC-4474-9D8E-D7DCB9853E47}.Debug|Any CPU.ActiveCfg = Debug|Any CPU
		{3800CD37-82AC-4474-9D8E-D7DCB9853E47}.Debug|Any CPU.Build.0 = Debug|Any CPU
		{3800CD37-82AC-4474-9D8E-D7DCB9853E47}.Release|Any CPU.ActiveCfg = Release|Any CPU
		{3800CD37-82AC-4474-9D8E-D7DCB9853E47}.Release|Any CPU.Build.0 = Release|Any CPU
	EndGlobalSection
	GlobalSection(SolutionProperties) = preSolution
		HideSolutionNode = FALSE
	EndGlobalSection
	GlobalSection(ExtensibilityGlobals) = postSolution
		SolutionGuid = {698107E4-84E9-4B73-AD78-E28438B924B5}
	EndGlobalSection
EndGlobal
